
Microsoft Visual Studio Solution File, Format Version 12.00
# Visual Studio 2017
Project("{FAE04EC0-301F-11D3-BF4B-00C04F79EFBC}") = "dissertation-game", "dissertation-game.csproj", "{C436F7E2-515F-1130-A427-B78C4C628A0A}"
EndProject
Project("{FAE04EC0-301F-11D3-BF4B-00C04F79EFBC}") = "dissertation-game.Editor", "dissertation-game.Editor.csproj", "{689E8670-87B3-5C80-9EDA-D71C0F7C5374}"
EndProject
Global
	GlobalSection(SolutionConfigurationPlatforms) = preSolution
		Debug|Any CPU = Debug|Any CPU
		Release|Any CPU = Release|Any CPU
	EndGlobalSection
	GlobalSection(ProjectConfigurationPlatforms) = postSolution
		{C436F7E2-515F-1130-A427-B78C4C628A0A}.Debug|Any CPU.ActiveCfg = Debug|Any CPU
		{C436F7E2-515F-1130-A427-B78C4C628A0A}.Debug|Any CPU.Build.0 = Debug|Any CPU
		{C436F7E2-515F-1130-A427-B78C4C628A0A}.Release|Any CPU.ActiveCfg = Release|Any CPU
		{C436F7E2-515F-1130-A427-B78C4C628A0A}.Release|Any CPU.Build.0 = Release|Any CPU
		{689E8670-87B3-5C80-9EDA-D71C0F7C5374}.Debug|Any CPU.ActiveCfg = Debug|Any CPU
		{689E8670-87B3-5C80-9EDA-D71C0F7C5374}.Debug|Any CPU.Build.0 = Debug|Any CPU
		{689E8670-87B3-5C80-9EDA-D71C0F7C5374}.Release|Any CPU.ActiveCfg = Release|Any CPU
		{689E8670-87B3-5C80-9EDA-D71C0F7C5374}.Release|Any CPU.Build.0 = Release|Any CPU
	EndGlobalSection
	GlobalSection(SolutionProperties) = preSolution
		HideSolutionNode = FALSE
	EndGlobalSection
EndGlobal
